// !$*UTF8*$!
{
	archiveVersion = 1;
	classes = {
	};
	objectVersion = 55;
	objects = {

/* Begin PBXBuildFile section */
		D1291ED62799165C003371A5 /* Sudoku+Color.swift in Sources */ = {isa = PBXBuildFile; fileRef = D1291ED52799165C003371A5 /* Sudoku+Color.swift */; };
		D1291ED827991765003371A5 /* View+Border.swift in Sources */ = {isa = PBXBuildFile; fileRef = D1291ED727991765003371A5 /* View+Border.swift */; };
		D1291EDA27991771003371A5 /* View+SudokuBorder.swift in Sources */ = {isa = PBXBuildFile; fileRef = D1291ED927991771003371A5 /* View+SudokuBorder.swift */; };
		D1291EDD279917E0003371A5 /* View+CellBackground.swift in Sources */ = {isa = PBXBuildFile; fileRef = D1291EDC279917E0003371A5 /* View+CellBackground.swift */; };
		D1291EDF27991A97003371A5 /* Text+CellTextColor.swift in Sources */ = {isa = PBXBuildFile; fileRef = D1291EDE27991A97003371A5 /* Text+CellTextColor.swift */; };
		D1291EE127992753003371A5 /* Sudoku+CellPosition.swift in Sources */ = {isa = PBXBuildFile; fileRef = D1291EE027992753003371A5 /* Sudoku+CellPosition.swift */; };
		D1291EE3279A0D0D003371A5 /* ValueButtonView.swift in Sources */ = {isa = PBXBuildFile; fileRef = D1291EE2279A0D0C003371A5 /* ValueButtonView.swift */; };
		D1291EE7279A1842003371A5 /* ContentView.swift in Sources */ = {isa = PBXBuildFile; fileRef = D139784B2796457800CBCCC7 /* ContentView.swift */; };
		D1291EE8279A1842003371A5 /* SudokuView.swift in Sources */ = {isa = PBXBuildFile; fileRef = D13978F027964B9100CBCCC7 /* SudokuView.swift */; };
		D1291EE9279A1842003371A5 /* ValueButtonView.swift in Sources */ = {isa = PBXBuildFile; fileRef = D1291EE2279A0D0C003371A5 /* ValueButtonView.swift */; };
		D1291EEA279A1845003371A5 /* SudokuBoardView.swift in Sources */ = {isa = PBXBuildFile; fileRef = D13978F92799148800CBCCC7 /* SudokuBoardView.swift */; };
		D1291EEB279A1845003371A5 /* SudokuCellView.swift in Sources */ = {isa = PBXBuildFile; fileRef = D13978F227964C2000CBCCC7 /* SudokuCellView.swift */; };
		D1291EEC279A1845003371A5 /* SudokuCellNoteView.swift in Sources */ = {isa = PBXBuildFile; fileRef = D13978F72798E3F600CBCCC7 /* SudokuCellNoteView.swift */; };
		D1291EED279A1848003371A5 /* Text+CellTextColor.swift in Sources */ = {isa = PBXBuildFile; fileRef = D1291EDE27991A97003371A5 /* Text+CellTextColor.swift */; };
		D1291EEE279A1848003371A5 /* View+Border.swift in Sources */ = {isa = PBXBuildFile; fileRef = D1291ED727991765003371A5 /* View+Border.swift */; };
		D1291EEF279A1848003371A5 /* View+SudokuBorder.swift in Sources */ = {isa = PBXBuildFile; fileRef = D1291ED927991771003371A5 /* View+SudokuBorder.swift */; };
		D1291EF0279A1848003371A5 /* View+CellBackground.swift in Sources */ = {isa = PBXBuildFile; fileRef = D1291EDC279917E0003371A5 /* View+CellBackground.swift */; };
		D1291EF1279A184B003371A5 /* EdgeBorder.swift in Sources */ = {isa = PBXBuildFile; fileRef = D13978F427964D4300CBCCC7 /* EdgeBorder.swift */; };
		D1291EF2279A184E003371A5 /* Sudoku+Cell.swift in Sources */ = {isa = PBXBuildFile; fileRef = D1397889279646E900CBCCC7 /* Sudoku+Cell.swift */; };
		D1291EF3279A184E003371A5 /* Sudoku+HumanSolve.swift in Sources */ = {isa = PBXBuildFile; fileRef = D139788B2796474A00CBCCC7 /* Sudoku+HumanSolve.swift */; };
		D1291EF4279A184E003371A5 /* Sudoku+CellPosition.swift in Sources */ = {isa = PBXBuildFile; fileRef = D1291EE027992753003371A5 /* Sudoku+CellPosition.swift */; };
		D1291EF5279A184E003371A5 /* Sudoku+Generate.swift in Sources */ = {isa = PBXBuildFile; fileRef = D139788F2796477500CBCCC7 /* Sudoku+Generate.swift */; };
		D1291EF6279A184E003371A5 /* Sudoku+Color.swift in Sources */ = {isa = PBXBuildFile; fileRef = D1291ED52799165C003371A5 /* Sudoku+Color.swift */; };
		D1291EF7279A184E003371A5 /* Sudoku+ComputerSolve.swift in Sources */ = {isa = PBXBuildFile; fileRef = D139788D2796476600CBCCC7 /* Sudoku+ComputerSolve.swift */; };
		D1291EF8279A184E003371A5 /* Sudoku.swift in Sources */ = {isa = PBXBuildFile; fileRef = D13978872796468A00CBCCC7 /* Sudoku.swift */; };
		D1291EFA279A1E37003371A5 /* Sudoku+GameMode.swift in Sources */ = {isa = PBXBuildFile; fileRef = D1291EF9279A1E37003371A5 /* Sudoku+GameMode.swift */; };
		D1291EFC279A1F4C003371A5 /* Color+Extra.swift in Sources */ = {isa = PBXBuildFile; fileRef = D1291EFB279A1F4C003371A5 /* Color+Extra.swift */; };
		D1291F38279A7EAD003371A5 /* SwiftUIColors in Frameworks */ = {isa = PBXBuildFile; productRef = D1291F37279A7EAD003371A5 /* SwiftUIColors */; };
		D13978632796457800CBCCC7 /* Tests_iOS.swift in Sources */ = {isa = PBXBuildFile; fileRef = D13978622796457800CBCCC7 /* Tests_iOS.swift */; };
		D13978652796457800CBCCC7 /* Tests_iOSLaunchTests.swift in Sources */ = {isa = PBXBuildFile; fileRef = D13978642796457800CBCCC7 /* Tests_iOSLaunchTests.swift */; };
		D139786F2796457800CBCCC7 /* Tests_macOS.swift in Sources */ = {isa = PBXBuildFile; fileRef = D139786E2796457800CBCCC7 /* Tests_macOS.swift */; };
		D13978712796457800CBCCC7 /* Tests_macOSLaunchTests.swift in Sources */ = {isa = PBXBuildFile; fileRef = D13978702796457800CBCCC7 /* Tests_macOSLaunchTests.swift */; };
		D13978722796457800CBCCC7 /* SudokuApp.swift in Sources */ = {isa = PBXBuildFile; fileRef = D139784A2796457800CBCCC7 /* SudokuApp.swift */; };
		D13978732796457800CBCCC7 /* SudokuApp.swift in Sources */ = {isa = PBXBuildFile; fileRef = D139784A2796457800CBCCC7 /* SudokuApp.swift */; };
		D13978742796457800CBCCC7 /* ContentView.swift in Sources */ = {isa = PBXBuildFile; fileRef = D139784B2796457800CBCCC7 /* ContentView.swift */; };
		D13978762796457800CBCCC7 /* Assets.xcassets in Resources */ = {isa = PBXBuildFile; fileRef = D139784C2796457800CBCCC7 /* Assets.xcassets */; };
		D13978772796457800CBCCC7 /* Assets.xcassets in Resources */ = {isa = PBXBuildFile; fileRef = D139784C2796457800CBCCC7 /* Assets.xcassets */; };
		D13978882796468A00CBCCC7 /* Sudoku.swift in Sources */ = {isa = PBXBuildFile; fileRef = D13978872796468A00CBCCC7 /* Sudoku.swift */; };
		D139788A279646E900CBCCC7 /* Sudoku+Cell.swift in Sources */ = {isa = PBXBuildFile; fileRef = D1397889279646E900CBCCC7 /* Sudoku+Cell.swift */; };
		D139788C2796474A00CBCCC7 /* Sudoku+HumanSolve.swift in Sources */ = {isa = PBXBuildFile; fileRef = D139788B2796474A00CBCCC7 /* Sudoku+HumanSolve.swift */; };
		D139788E2796476600CBCCC7 /* Sudoku+ComputerSolve.swift in Sources */ = {isa = PBXBuildFile; fileRef = D139788D2796476600CBCCC7 /* Sudoku+ComputerSolve.swift */; };
		D13978902796477500CBCCC7 /* Sudoku+Generate.swift in Sources */ = {isa = PBXBuildFile; fileRef = D139788F2796477500CBCCC7 /* Sudoku+Generate.swift */; };
		D13978F127964B9100CBCCC7 /* SudokuView.swift in Sources */ = {isa = PBXBuildFile; fileRef = D13978F027964B9100CBCCC7 /* SudokuView.swift */; };
		D13978F327964C2000CBCCC7 /* SudokuCellView.swift in Sources */ = {isa = PBXBuildFile; fileRef = D13978F227964C2000CBCCC7 /* SudokuCellView.swift */; };
		D13978F527964D4300CBCCC7 /* EdgeBorder.swift in Sources */ = {isa = PBXBuildFile; fileRef = D13978F427964D4300CBCCC7 /* EdgeBorder.swift */; };
		D13978F82798E3F600CBCCC7 /* SudokuCellNoteView.swift in Sources */ = {isa = PBXBuildFile; fileRef = D13978F72798E3F600CBCCC7 /* SudokuCellNoteView.swift */; };
		D13978FA2799148800CBCCC7 /* SudokuBoardView.swift in Sources */ = {isa = PBXBuildFile; fileRef = D13978F92799148800CBCCC7 /* SudokuBoardView.swift */; };
/* End PBXBuildFile section */

/* Begin PBXContainerItemProxy section */
		D139785F2796457800CBCCC7 /* PBXContainerItemProxy */ = {
			isa = PBXContainerItemProxy;
			containerPortal = D13978452796457700CBCCC7 /* Project object */;
			proxyType = 1;
			remoteGlobalIDString = D13978502796457800CBCCC7;
			remoteInfo = "Sudoku (iOS)";
		};
		D139786B2796457800CBCCC7 /* PBXContainerItemProxy */ = {
			isa = PBXContainerItemProxy;
			containerPortal = D13978452796457700CBCCC7 /* Project object */;
			proxyType = 1;
			remoteGlobalIDString = D13978562796457800CBCCC7;
			remoteInfo = "Sudoku (macOS)";
		};
/* End PBXContainerItemProxy section */

/* Begin PBXFileReference section */
		D1291ED52799165C003371A5 /* Sudoku+Color.swift */ = {isa = PBXFileReference; lastKnownFileType = sourcecode.swift; path = "Sudoku+Color.swift"; sourceTree = "<group>"; };
		D1291ED727991765003371A5 /* View+Border.swift */ = {isa = PBXFileReference; lastKnownFileType = sourcecode.swift; path = "View+Border.swift"; sourceTree = "<group>"; };
		D1291ED927991771003371A5 /* View+SudokuBorder.swift */ = {isa = PBXFileReference; lastKnownFileType = sourcecode.swift; path = "View+SudokuBorder.swift"; sourceTree = "<group>"; };
		D1291EDC279917E0003371A5 /* View+CellBackground.swift */ = {isa = PBXFileReference; lastKnownFileType = sourcecode.swift; path = "View+CellBackground.swift"; sourceTree = "<group>"; };
		D1291EDE27991A97003371A5 /* Text+CellTextColor.swift */ = {isa = PBXFileReference; lastKnownFileType = sourcecode.swift; path = "Text+CellTextColor.swift"; sourceTree = "<group>"; };
		D1291EE027992753003371A5 /* Sudoku+CellPosition.swift */ = {isa = PBXFileReference; lastKnownFileType = sourcecode.swift; path = "Sudoku+CellPosition.swift"; sourceTree = "<group>"; };
		D1291EE2279A0D0C003371A5 /* ValueButtonView.swift */ = {isa = PBXFileReference; lastKnownFileType = sourcecode.swift; path = ValueButtonView.swift; sourceTree = "<group>"; };
		D1291EF9279A1E37003371A5 /* Sudoku+GameMode.swift */ = {isa = PBXFileReference; lastKnownFileType = sourcecode.swift; path = "Sudoku+GameMode.swift"; sourceTree = "<group>"; };
		D1291EFB279A1F4C003371A5 /* Color+Extra.swift */ = {isa = PBXFileReference; lastKnownFileType = sourcecode.swift; path = "Color+Extra.swift"; sourceTree = "<group>"; };
		D139784A2796457800CBCCC7 /* SudokuApp.swift */ = {isa = PBXFileReference; lastKnownFileType = sourcecode.swift; path = SudokuApp.swift; sourceTree = "<group>"; };
		D139784B2796457800CBCCC7 /* ContentView.swift */ = {isa = PBXFileReference; lastKnownFileType = sourcecode.swift; path = ContentView.swift; sourceTree = "<group>"; };
		D139784C2796457800CBCCC7 /* Assets.xcassets */ = {isa = PBXFileReference; lastKnownFileType = folder.assetcatalog; path = Assets.xcassets; sourceTree = "<group>"; };
		D13978512796457800CBCCC7 /* Sudoku.app */ = {isa = PBXFileReference; explicitFileType = wrapper.application; includeInIndex = 0; path = Sudoku.app; sourceTree = BUILT_PRODUCTS_DIR; };
		D13978572796457800CBCCC7 /* Sudoku.app */ = {isa = PBXFileReference; explicitFileType = wrapper.application; includeInIndex = 0; path = Sudoku.app; sourceTree = BUILT_PRODUCTS_DIR; };
		D13978592796457800CBCCC7 /* macOS.entitlements */ = {isa = PBXFileReference; lastKnownFileType = text.plist.entitlements; path = macOS.entitlements; sourceTree = "<group>"; };
		D139785E2796457800CBCCC7 /* Tests iOS.xctest */ = {isa = PBXFileReference; explicitFileType = wrapper.cfbundle; includeInIndex = 0; path = "Tests iOS.xctest"; sourceTree = BUILT_PRODUCTS_DIR; };
		D13978622796457800CBCCC7 /* Tests_iOS.swift */ = {isa = PBXFileReference; lastKnownFileType = sourcecode.swift; path = Tests_iOS.swift; sourceTree = "<group>"; };
		D13978642796457800CBCCC7 /* Tests_iOSLaunchTests.swift */ = {isa = PBXFileReference; lastKnownFileType = sourcecode.swift; path = Tests_iOSLaunchTests.swift; sourceTree = "<group>"; };
		D139786A2796457800CBCCC7 /* Tests macOS.xctest */ = {isa = PBXFileReference; explicitFileType = wrapper.cfbundle; includeInIndex = 0; path = "Tests macOS.xctest"; sourceTree = BUILT_PRODUCTS_DIR; };
		D139786E2796457800CBCCC7 /* Tests_macOS.swift */ = {isa = PBXFileReference; lastKnownFileType = sourcecode.swift; path = Tests_macOS.swift; sourceTree = "<group>"; };
		D13978702796457800CBCCC7 /* Tests_macOSLaunchTests.swift */ = {isa = PBXFileReference; lastKnownFileType = sourcecode.swift; path = Tests_macOSLaunchTests.swift; sourceTree = "<group>"; };
		D13978872796468A00CBCCC7 /* Sudoku.swift */ = {isa = PBXFileReference; lastKnownFileType = sourcecode.swift; path = Sudoku.swift; sourceTree = "<group>"; };
		D1397889279646E900CBCCC7 /* Sudoku+Cell.swift */ = {isa = PBXFileReference; lastKnownFileType = sourcecode.swift; path = "Sudoku+Cell.swift"; sourceTree = "<group>"; };
		D139788B2796474A00CBCCC7 /* Sudoku+HumanSolve.swift */ = {isa = PBXFileReference; lastKnownFileType = sourcecode.swift; path = "Sudoku+HumanSolve.swift"; sourceTree = "<group>"; };
		D139788D2796476600CBCCC7 /* Sudoku+ComputerSolve.swift */ = {isa = PBXFileReference; lastKnownFileType = sourcecode.swift; path = "Sudoku+ComputerSolve.swift"; sourceTree = "<group>"; };
		D139788F2796477500CBCCC7 /* Sudoku+Generate.swift */ = {isa = PBXFileReference; lastKnownFileType = sourcecode.swift; path = "Sudoku+Generate.swift"; sourceTree = "<group>"; };
		D13978F027964B9100CBCCC7 /* SudokuView.swift */ = {isa = PBXFileReference; lastKnownFileType = sourcecode.swift; path = SudokuView.swift; sourceTree = "<group>"; };
		D13978F227964C2000CBCCC7 /* SudokuCellView.swift */ = {isa = PBXFileReference; lastKnownFileType = sourcecode.swift; path = SudokuCellView.swift; sourceTree = "<group>"; };
		D13978F427964D4300CBCCC7 /* EdgeBorder.swift */ = {isa = PBXFileReference; lastKnownFileType = sourcecode.swift; path = EdgeBorder.swift; sourceTree = "<group>"; };
		D13978F72798E3F600CBCCC7 /* SudokuCellNoteView.swift */ = {isa = PBXFileReference; lastKnownFileType = sourcecode.swift; path = SudokuCellNoteView.swift; sourceTree = "<group>"; };
		D13978F92799148800CBCCC7 /* SudokuBoardView.swift */ = {isa = PBXFileReference; lastKnownFileType = sourcecode.swift; path = SudokuBoardView.swift; sourceTree = "<group>"; };
/* End PBXFileReference section */

/* Begin PBXFrameworksBuildPhase section */
		D139784E2796457800CBCCC7 /* Frameworks */ = {
			isa = PBXFrameworksBuildPhase;
			buildActionMask = 2147483647;
			files = (
				D1291F38279A7EAD003371A5 /* SwiftUIColors in Frameworks */,
			);
			runOnlyForDeploymentPostprocessing = 0;
		};
		D13978542796457800CBCCC7 /* Frameworks */ = {
			isa = PBXFrameworksBuildPhase;
			buildActionMask = 2147483647;
			files = (
			);
			runOnlyForDeploymentPostprocessing = 0;
		};
		D139785B2796457800CBCCC7 /* Frameworks */ = {
			isa = PBXFrameworksBuildPhase;
			buildActionMask = 2147483647;
			files = (
			);
			runOnlyForDeploymentPostprocessing = 0;
		};
		D13978672796457800CBCCC7 /* Frameworks */ = {
			isa = PBXFrameworksBuildPhase;
			buildActionMask = 2147483647;
			files = (
			);
			runOnlyForDeploymentPostprocessing = 0;
		};
/* End PBXFrameworksBuildPhase section */

/* Begin PBXGroup section */
		D1291EDB2799179D003371A5 /* Extensions */ = {
			isa = PBXGroup;
			children = (
				D1291ED727991765003371A5 /* View+Border.swift */,
				D1291ED927991771003371A5 /* View+SudokuBorder.swift */,
				D1291EDC279917E0003371A5 /* View+CellBackground.swift */,
				D1291EDE27991A97003371A5 /* Text+CellTextColor.swift */,
				D1291EFB279A1F4C003371A5 /* Color+Extra.swift */,
			);
			path = Extensions;
			sourceTree = "<group>";
		};
		D13978442796457700CBCCC7 = {
			isa = PBXGroup;
			children = (
				D13978492796457800CBCCC7 /* Shared */,
				D13978582796457800CBCCC7 /* macOS */,
				D13978612796457800CBCCC7 /* Tests iOS */,
				D139786D2796457800CBCCC7 /* Tests macOS */,
				D13978522796457800CBCCC7 /* Products */,
			);
			sourceTree = "<group>";
		};
		D13978492796457800CBCCC7 /* Shared */ = {
			isa = PBXGroup;
			children = (
				D139784A2796457800CBCCC7 /* SudokuApp.swift */,
				D13978EE27964B7200CBCCC7 /* Views */,
				D13978F627964D4700CBCCC7 /* Shapes */,
				D13978862796467E00CBCCC7 /* Sudoku */,
				D139784C2796457800CBCCC7 /* Assets.xcassets */,
			);
			path = Shared;
			sourceTree = "<group>";
		};
		D13978522796457800CBCCC7 /* Products */ = {
			isa = PBXGroup;
			children = (
				D13978512796457800CBCCC7 /* Sudoku.app */,
				D13978572796457800CBCCC7 /* Sudoku.app */,
				D139785E2796457800CBCCC7 /* Tests iOS.xctest */,
				D139786A2796457800CBCCC7 /* Tests macOS.xctest */,
			);
			name = Products;
			sourceTree = "<group>";
		};
		D13978582796457800CBCCC7 /* macOS */ = {
			isa = PBXGroup;
			children = (
				D13978592796457800CBCCC7 /* macOS.entitlements */,
			);
			path = macOS;
			sourceTree = "<group>";
		};
		D13978612796457800CBCCC7 /* Tests iOS */ = {
			isa = PBXGroup;
			children = (
				D13978622796457800CBCCC7 /* Tests_iOS.swift */,
				D13978642796457800CBCCC7 /* Tests_iOSLaunchTests.swift */,
			);
			path = "Tests iOS";
			sourceTree = "<group>";
		};
		D139786D2796457800CBCCC7 /* Tests macOS */ = {
			isa = PBXGroup;
			children = (
				D139786E2796457800CBCCC7 /* Tests_macOS.swift */,
				D13978702796457800CBCCC7 /* Tests_macOSLaunchTests.swift */,
			);
			path = "Tests macOS";
			sourceTree = "<group>";
		};
		D13978862796467E00CBCCC7 /* Sudoku */ = {
			isa = PBXGroup;
			children = (
				D13978872796468A00CBCCC7 /* Sudoku.swift */,
				D1291EF9279A1E37003371A5 /* Sudoku+GameMode.swift */,
				D1291ED52799165C003371A5 /* Sudoku+Color.swift */,
				D1291EE027992753003371A5 /* Sudoku+CellPosition.swift */,
				D1397889279646E900CBCCC7 /* Sudoku+Cell.swift */,
				D139788B2796474A00CBCCC7 /* Sudoku+HumanSolve.swift */,
				D139788D2796476600CBCCC7 /* Sudoku+ComputerSolve.swift */,
				D139788F2796477500CBCCC7 /* Sudoku+Generate.swift */,
			);
			path = Sudoku;
			sourceTree = "<group>";
		};
		D13978EE27964B7200CBCCC7 /* Views */ = {
			isa = PBXGroup;
			children = (
				D139784B2796457800CBCCC7 /* ContentView.swift */,
				D13978F027964B9100CBCCC7 /* SudokuView.swift */,
				D1291EE2279A0D0C003371A5 /* ValueButtonView.swift */,
				D13978EF27964B7B00CBCCC7 /* Board */,
				D1291EDB2799179D003371A5 /* Extensions */,
			);
			path = Views;
			sourceTree = "<group>";
		};
		D13978EF27964B7B00CBCCC7 /* Board */ = {
			isa = PBXGroup;
			children = (
				D13978F92799148800CBCCC7 /* SudokuBoardView.swift */,
				D13978F227964C2000CBCCC7 /* SudokuCellView.swift */,
				D13978F72798E3F600CBCCC7 /* SudokuCellNoteView.swift */,
			);
			path = Board;
			sourceTree = "<group>";
		};
		D13978F627964D4700CBCCC7 /* Shapes */ = {
			isa = PBXGroup;
			children = (
				D13978F427964D4300CBCCC7 /* EdgeBorder.swift */,
			);
			path = Shapes;
			sourceTree = "<group>";
		};
/* End PBXGroup section */

/* Begin PBXNativeTarget section */
		D13978502796457800CBCCC7 /* Sudoku (iOS) */ = {
			isa = PBXNativeTarget;
			buildConfigurationList = D139787A2796457800CBCCC7 /* Build configuration list for PBXNativeTarget "Sudoku (iOS)" */;
			buildPhases = (
				D139784D2796457800CBCCC7 /* Sources */,
				D139784E2796457800CBCCC7 /* Frameworks */,
				D139784F2796457800CBCCC7 /* Resources */,
			);
			buildRules = (
			);
			dependencies = (
			);
			name = "Sudoku (iOS)";
			packageProductDependencies = (
				D1291F37279A7EAD003371A5 /* SwiftUIColors */,
			);
			productName = "Sudoku (iOS)";
			productReference = D13978512796457800CBCCC7 /* Sudoku.app */;
			productType = "com.apple.product-type.application";
		};
		D13978562796457800CBCCC7 /* Sudoku (macOS) */ = {
			isa = PBXNativeTarget;
			buildConfigurationList = D139787D2796457800CBCCC7 /* Build configuration list for PBXNativeTarget "Sudoku (macOS)" */;
			buildPhases = (
				D13978532796457800CBCCC7 /* Sources */,
				D13978542796457800CBCCC7 /* Frameworks */,
				D13978552796457800CBCCC7 /* Resources */,
			);
			buildRules = (
			);
			dependencies = (
			);
			name = "Sudoku (macOS)";
			productName = "Sudoku (macOS)";
			productReference = D13978572796457800CBCCC7 /* Sudoku.app */;
			productType = "com.apple.product-type.application";
		};
		D139785D2796457800CBCCC7 /* Tests iOS */ = {
			isa = PBXNativeTarget;
			buildConfigurationList = D13978802796457800CBCCC7 /* Build configuration list for PBXNativeTarget "Tests iOS" */;
			buildPhases = (
				D139785A2796457800CBCCC7 /* Sources */,
				D139785B2796457800CBCCC7 /* Frameworks */,
				D139785C2796457800CBCCC7 /* Resources */,
			);
			buildRules = (
			);
			dependencies = (
				D13978602796457800CBCCC7 /* PBXTargetDependency */,
			);
			name = "Tests iOS";
			productName = "Tests iOS";
			productReference = D139785E2796457800CBCCC7 /* Tests iOS.xctest */;
			productType = "com.apple.product-type.bundle.ui-testing";
		};
		D13978692796457800CBCCC7 /* Tests macOS */ = {
			isa = PBXNativeTarget;
			buildConfigurationList = D13978832796457800CBCCC7 /* Build configuration list for PBXNativeTarget "Tests macOS" */;
			buildPhases = (
				D13978662796457800CBCCC7 /* Sources */,
				D13978672796457800CBCCC7 /* Frameworks */,
				D13978682796457800CBCCC7 /* Resources */,
			);
			buildRules = (
			);
			dependencies = (
				D139786C2796457800CBCCC7 /* PBXTargetDependency */,
			);
			name = "Tests macOS";
			productName = "Tests macOS";
			productReference = D139786A2796457800CBCCC7 /* Tests macOS.xctest */;
			productType = "com.apple.product-type.bundle.ui-testing";
		};
/* End PBXNativeTarget section */

/* Begin PBXProject section */
		D13978452796457700CBCCC7 /* Project object */ = {
			isa = PBXProject;
			attributes = {
				BuildIndependentTargetsInParallel = 1;
				LastSwiftUpdateCheck = 1320;
				LastUpgradeCheck = 1320;
				TargetAttributes = {
					D13978502796457800CBCCC7 = {
						CreatedOnToolsVersion = 13.2.1;
					};
					D13978562796457800CBCCC7 = {
						CreatedOnToolsVersion = 13.2.1;
					};
					D139785D2796457800CBCCC7 = {
						CreatedOnToolsVersion = 13.2.1;
						TestTargetID = D13978502796457800CBCCC7;
					};
					D13978692796457800CBCCC7 = {
						CreatedOnToolsVersion = 13.2.1;
						TestTargetID = D13978562796457800CBCCC7;
					};
				};
			};
			buildConfigurationList = D13978482796457700CBCCC7 /* Build configuration list for PBXProject "Sudoku" */;
			compatibilityVersion = "Xcode 13.0";
			developmentRegion = en;
			hasScannedForEncodings = 0;
			knownRegions = (
				en,
				Base,
			);
			mainGroup = D13978442796457700CBCCC7;
			packageReferences = (
				D1291F36279A7EAD003371A5 /* XCRemoteSwiftPackageReference "SwiftUIColors" */,
			);
			productRefGroup = D13978522796457800CBCCC7 /* Products */;
			projectDirPath = "";
			projectRoot = "";
			targets = (
				D13978502796457800CBCCC7 /* Sudoku (iOS) */,
				D13978562796457800CBCCC7 /* Sudoku (macOS) */,
				D139785D2796457800CBCCC7 /* Tests iOS */,
				D13978692796457800CBCCC7 /* Tests macOS */,
			);
		};
/* End PBXProject section */

/* Begin PBXResourcesBuildPhase section */
		D139784F2796457800CBCCC7 /* Resources */ = {
			isa = PBXResourcesBuildPhase;
			buildActionMask = 2147483647;
			files = (
				D13978762796457800CBCCC7 /* Assets.xcassets in Resources */,
			);
			runOnlyForDeploymentPostprocessing = 0;
		};
		D13978552796457800CBCCC7 /* Resources */ = {
			isa = PBXResourcesBuildPhase;
			buildActionMask = 2147483647;
			files = (
				D13978772796457800CBCCC7 /* Assets.xcassets in Resources */,
			);
			runOnlyForDeploymentPostprocessing = 0;
		};
		D139785C2796457800CBCCC7 /* Resources */ = {
			isa = PBXResourcesBuildPhase;
			buildActionMask = 2147483647;
			files = (
			);
			runOnlyForDeploymentPostprocessing = 0;
		};
		D13978682796457800CBCCC7 /* Resources */ = {
			isa = PBXResourcesBuildPhase;
			buildActionMask = 2147483647;
			files = (
			);
			runOnlyForDeploymentPostprocessing = 0;
		};
/* End PBXResourcesBuildPhase section */

/* Begin PBXSourcesBuildPhase section */
		D139784D2796457800CBCCC7 /* Sources */ = {
			isa = PBXSourcesBuildPhase;
			buildActionMask = 2147483647;
			files = (
				D1291ED827991765003371A5 /* View+Border.swift in Sources */,
				D1291EDA27991771003371A5 /* View+SudokuBorder.swift in Sources */,
				D13978742796457800CBCCC7 /* ContentView.swift in Sources */,
				D13978F127964B9100CBCCC7 /* SudokuView.swift in Sources */,
				D1291EE3279A0D0D003371A5 /* ValueButtonView.swift in Sources */,
				D13978FA2799148800CBCCC7 /* SudokuBoardView.swift in Sources */,
				D1291EFC279A1F4C003371A5 /* Color+Extra.swift in Sources */,
				D13978722796457800CBCCC7 /* SudokuApp.swift in Sources */,
				D139788A279646E900CBCCC7 /* Sudoku+Cell.swift in Sources */,
				D13978F527964D4300CBCCC7 /* EdgeBorder.swift in Sources */,
				D139788C2796474A00CBCCC7 /* Sudoku+HumanSolve.swift in Sources */,
				D1291EDF27991A97003371A5 /* Text+CellTextColor.swift in Sources */,
				D13978882796468A00CBCCC7 /* Sudoku.swift in Sources */,
				D13978F82798E3F600CBCCC7 /* SudokuCellNoteView.swift in Sources */,
				D13978902796477500CBCCC7 /* Sudoku+Generate.swift in Sources */,
				D1291ED62799165C003371A5 /* Sudoku+Color.swift in Sources */,
				D1291EDD279917E0003371A5 /* View+CellBackground.swift in Sources */,
				D13978F327964C2000CBCCC7 /* SudokuCellView.swift in Sources */,
				D1291EFA279A1E37003371A5 /* Sudoku+GameMode.swift in Sources */,
				D139788E2796476600CBCCC7 /* Sudoku+ComputerSolve.swift in Sources */,
				D1291EE127992753003371A5 /* Sudoku+CellPosition.swift in Sources */,
			);
			runOnlyForDeploymentPostprocessing = 0;
		};
		D13978532796457800CBCCC7 /* Sources */ = {
			isa = PBXSourcesBuildPhase;
			buildActionMask = 2147483647;
			files = (
				D1291EF3279A184E003371A5 /* Sudoku+HumanSolve.swift in Sources */,
				D1291EF5279A184E003371A5 /* Sudoku+Generate.swift in Sources */,
				D1291EF0279A1848003371A5 /* View+CellBackground.swift in Sources */,
				D1291EF4279A184E003371A5 /* Sudoku+CellPosition.swift in Sources */,
				D1291EEC279A1845003371A5 /* SudokuCellNoteView.swift in Sources */,
				D1291EF7279A184E003371A5 /* Sudoku+ComputerSolve.swift in Sources */,
				D1291EEF279A1848003371A5 /* View+SudokuBorder.swift in Sources */,
				D1291EF6279A184E003371A5 /* Sudoku+Color.swift in Sources */,
				D1291EE9279A1842003371A5 /* ValueButtonView.swift in Sources */,
				D1291EF8279A184E003371A5 /* Sudoku.swift in Sources */,
				D1291EEB279A1845003371A5 /* SudokuCellView.swift in Sources */,
				D1291EE8279A1842003371A5 /* SudokuView.swift in Sources */,
				D1291EF2279A184E003371A5 /* Sudoku+Cell.swift in Sources */,
				D1291EE7279A1842003371A5 /* ContentView.swift in Sources */,
				D1291EEA279A1845003371A5 /* SudokuBoardView.swift in Sources */,
				D13978732796457800CBCCC7 /* SudokuApp.swift in Sources */,
				D1291EEE279A1848003371A5 /* View+Border.swift in Sources */,
				D1291EF1279A184B003371A5 /* EdgeBorder.swift in Sources */,
				D1291EED279A1848003371A5 /* Text+CellTextColor.swift in Sources */,
			);
			runOnlyForDeploymentPostprocessing = 0;
		};
		D139785A2796457800CBCCC7 /* Sources */ = {
			isa = PBXSourcesBuildPhase;
			buildActionMask = 2147483647;
			files = (
				D13978652796457800CBCCC7 /* Tests_iOSLaunchTests.swift in Sources */,
				D13978632796457800CBCCC7 /* Tests_iOS.swift in Sources */,
			);
			runOnlyForDeploymentPostprocessing = 0;
		};
		D13978662796457800CBCCC7 /* Sources */ = {
			isa = PBXSourcesBuildPhase;
			buildActionMask = 2147483647;
			files = (
				D13978712796457800CBCCC7 /* Tests_macOSLaunchTests.swift in Sources */,
				D139786F2796457800CBCCC7 /* Tests_macOS.swift in Sources */,
			);
			runOnlyForDeploymentPostprocessing = 0;
		};
/* End PBXSourcesBuildPhase section */

/* Begin PBXTargetDependency section */
		D13978602796457800CBCCC7 /* PBXTargetDependency */ = {
			isa = PBXTargetDependency;
			target = D13978502796457800CBCCC7 /* Sudoku (iOS) */;
			targetProxy = D139785F2796457800CBCCC7 /* PBXContainerItemProxy */;
		};
		D139786C2796457800CBCCC7 /* PBXTargetDependency */ = {
			isa = PBXTargetDependency;
			target = D13978562796457800CBCCC7 /* Sudoku (macOS) */;
			targetProxy = D139786B2796457800CBCCC7 /* PBXContainerItemProxy */;
		};
/* End PBXTargetDependency section */

/* Begin XCBuildConfiguration section */
		D13978782796457800CBCCC7 /* Debug */ = {
			isa = XCBuildConfiguration;
			buildSettings = {
				ALWAYS_SEARCH_USER_PATHS = NO;
				CLANG_ANALYZER_NONNULL = YES;
				CLANG_ANALYZER_NUMBER_OBJECT_CONVERSION = YES_AGGRESSIVE;
				CLANG_CXX_LANGUAGE_STANDARD = "gnu++17";
				CLANG_CXX_LIBRARY = "libc++";
				CLANG_ENABLE_MODULES = YES;
				CLANG_ENABLE_OBJC_ARC = YES;
				CLANG_ENABLE_OBJC_WEAK = YES;
				CLANG_WARN_BLOCK_CAPTURE_AUTORELEASING = YES;
				CLANG_WARN_BOOL_CONVERSION = YES;
				CLANG_WARN_COMMA = YES;
				CLANG_WARN_CONSTANT_CONVERSION = YES;
				CLANG_WARN_DEPRECATED_OBJC_IMPLEMENTATIONS = YES;
				CLANG_WARN_DIRECT_OBJC_ISA_USAGE = YES_ERROR;
				CLANG_WARN_DOCUMENTATION_COMMENTS = YES;
				CLANG_WARN_EMPTY_BODY = YES;
				CLANG_WARN_ENUM_CONVERSION = YES;
				CLANG_WARN_INFINITE_RECURSION = YES;
				CLANG_WARN_INT_CONVERSION = YES;
				CLANG_WARN_NON_LITERAL_NULL_CONVERSION = YES;
				CLANG_WARN_OBJC_IMPLICIT_RETAIN_SELF = YES;
				CLANG_WARN_OBJC_LITERAL_CONVERSION = YES;
				CLANG_WARN_OBJC_ROOT_CLASS = YES_ERROR;
				CLANG_WARN_QUOTED_INCLUDE_IN_FRAMEWORK_HEADER = YES;
				CLANG_WARN_RANGE_LOOP_ANALYSIS = YES;
				CLANG_WARN_STRICT_PROTOTYPES = YES;
				CLANG_WARN_SUSPICIOUS_MOVE = YES;
				CLANG_WARN_UNGUARDED_AVAILABILITY = YES_AGGRESSIVE;
				CLANG_WARN_UNREACHABLE_CODE = YES;
				CLANG_WARN__DUPLICATE_METHOD_MATCH = YES;
				COPY_PHASE_STRIP = NO;
				DEBUG_INFORMATION_FORMAT = dwarf;
				ENABLE_STRICT_OBJC_MSGSEND = YES;
				ENABLE_TESTABILITY = YES;
				GCC_C_LANGUAGE_STANDARD = gnu11;
				GCC_DYNAMIC_NO_PIC = NO;
				GCC_NO_COMMON_BLOCKS = YES;
				GCC_OPTIMIZATION_LEVEL = 0;
				GCC_PREPROCESSOR_DEFINITIONS = (
					"DEBUG=1",
					"$(inherited)",
				);
				GCC_WARN_64_TO_32_BIT_CONVERSION = YES;
				GCC_WARN_ABOUT_RETURN_TYPE = YES_ERROR;
				GCC_WARN_UNDECLARED_SELECTOR = YES;
				GCC_WARN_UNINITIALIZED_AUTOS = YES_AGGRESSIVE;
				GCC_WARN_UNUSED_FUNCTION = YES;
				GCC_WARN_UNUSED_VARIABLE = YES;
				MTL_ENABLE_DEBUG_INFO = INCLUDE_SOURCE;
				MTL_FAST_MATH = YES;
				ONLY_ACTIVE_ARCH = YES;
				SWIFT_ACTIVE_COMPILATION_CONDITIONS = DEBUG;
				SWIFT_OPTIMIZATION_LEVEL = "-Onone";
			};
			name = Debug;
		};
		D13978792796457800CBCCC7 /* Release */ = {
			isa = XCBuildConfiguration;
			buildSettings = {
				ALWAYS_SEARCH_USER_PATHS = NO;
				CLANG_ANALYZER_NONNULL = YES;
				CLANG_ANALYZER_NUMBER_OBJECT_CONVERSION = YES_AGGRESSIVE;
				CLANG_CXX_LANGUAGE_STANDARD = "gnu++17";
				CLANG_CXX_LIBRARY = "libc++";
				CLANG_ENABLE_MODULES = YES;
				CLANG_ENABLE_OBJC_ARC = YES;
				CLANG_ENABLE_OBJC_WEAK = YES;
				CLANG_WARN_BLOCK_CAPTURE_AUTORELEASING = YES;
				CLANG_WARN_BOOL_CONVERSION = YES;
				CLANG_WARN_COMMA = YES;
				CLANG_WARN_CONSTANT_CONVERSION = YES;
				CLANG_WARN_DEPRECATED_OBJC_IMPLEMENTATIONS = YES;
				CLANG_WARN_DIRECT_OBJC_ISA_USAGE = YES_ERROR;
				CLANG_WARN_DOCUMENTATION_COMMENTS = YES;
				CLANG_WARN_EMPTY_BODY = YES;
				CLANG_WARN_ENUM_CONVERSION = YES;
				CLANG_WARN_INFINITE_RECURSION = YES;
				CLANG_WARN_INT_CONVERSION = YES;
				CLANG_WARN_NON_LITERAL_NULL_CONVERSION = YES;
				CLANG_WARN_OBJC_IMPLICIT_RETAIN_SELF = YES;
				CLANG_WARN_OBJC_LITERAL_CONVERSION = YES;
				CLANG_WARN_OBJC_ROOT_CLASS = YES_ERROR;
				CLANG_WARN_QUOTED_INCLUDE_IN_FRAMEWORK_HEADER = YES;
				CLANG_WARN_RANGE_LOOP_ANALYSIS = YES;
				CLANG_WARN_STRICT_PROTOTYPES = YES;
				CLANG_WARN_SUSPICIOUS_MOVE = YES;
				CLANG_WARN_UNGUARDED_AVAILABILITY = YES_AGGRESSIVE;
				CLANG_WARN_UNREACHABLE_CODE = YES;
				CLANG_WARN__DUPLICATE_METHOD_MATCH = YES;
				COPY_PHASE_STRIP = NO;
				DEBUG_INFORMATION_FORMAT = "dwarf-with-dsym";
				ENABLE_NS_ASSERTIONS = NO;
				ENABLE_STRICT_OBJC_MSGSEND = YES;
				GCC_C_LANGUAGE_STANDARD = gnu11;
				GCC_NO_COMMON_BLOCKS = YES;
				GCC_WARN_64_TO_32_BIT_CONVERSION = YES;
				GCC_WARN_ABOUT_RETURN_TYPE = YES_ERROR;
				GCC_WARN_UNDECLARED_SELECTOR = YES;
				GCC_WARN_UNINITIALIZED_AUTOS = YES_AGGRESSIVE;
				GCC_WARN_UNUSED_FUNCTION = YES;
				GCC_WARN_UNUSED_VARIABLE = YES;
				MTL_ENABLE_DEBUG_INFO = NO;
				MTL_FAST_MATH = YES;
				SWIFT_COMPILATION_MODE = wholemodule;
				SWIFT_OPTIMIZATION_LEVEL = "-O";
			};
			name = Release;
		};
		D139787B2796457800CBCCC7 /* Debug */ = {
			isa = XCBuildConfiguration;
			buildSettings = {
				ASSETCATALOG_COMPILER_APPICON_NAME = AppIcon;
				ASSETCATALOG_COMPILER_GLOBAL_ACCENT_COLOR_NAME = AccentColor;
				CODE_SIGN_STYLE = Automatic;
				CURRENT_PROJECT_VERSION = 1;
				DEVELOPMENT_TEAM = P3LTN76885;
				ENABLE_PREVIEWS = YES;
				GENERATE_INFOPLIST_FILE = YES;
				INFOPLIST_KEY_UIApplicationSceneManifest_Generation = YES;
				INFOPLIST_KEY_UIApplicationSupportsIndirectInputEvents = YES;
				INFOPLIST_KEY_UILaunchScreen_Generation = YES;
				INFOPLIST_KEY_UISupportedInterfaceOrientations_iPad = "UIInterfaceOrientationPortrait UIInterfaceOrientationPortraitUpsideDown UIInterfaceOrientationLandscapeLeft UIInterfaceOrientationLandscapeRight";
				INFOPLIST_KEY_UISupportedInterfaceOrientations_iPhone = "UIInterfaceOrientationPortrait UIInterfaceOrientationLandscapeLeft UIInterfaceOrientationLandscapeRight";
				IPHONEOS_DEPLOYMENT_TARGET = 15.2;
				LD_RUNPATH_SEARCH_PATHS = (
					"$(inherited)",
					"@executable_path/Frameworks",
				);
				MARKETING_VERSION = 1.0;
				PRODUCT_BUNDLE_IDENTIFIER = com.logarithm.Sudoku;
				PRODUCT_NAME = Sudoku;
				SDKROOT = iphoneos;
				SWIFT_EMIT_LOC_STRINGS = YES;
				SWIFT_VERSION = 5.0;
				TARGETED_DEVICE_FAMILY = "1,2";
			};
			name = Debug;
		};
		D139787C2796457800CBCCC7 /* Release */ = {
			isa = XCBuildConfiguration;
			buildSettings = {
				ASSETCATALOG_COMPILER_APPICON_NAME = AppIcon;
				ASSETCATALOG_COMPILER_GLOBAL_ACCENT_COLOR_NAME = AccentColor;
				CODE_SIGN_STYLE = Automatic;
				CURRENT_PROJECT_VERSION = 1;
				DEVELOPMENT_TEAM = P3LTN76885;
				ENABLE_PREVIEWS = YES;
				GENERATE_INFOPLIST_FILE = YES;
				INFOPLIST_KEY_UIApplicationSceneManifest_Generation = YES;
				INFOPLIST_KEY_UIApplicationSupportsIndirectInputEvents = YES;
				INFOPLIST_KEY_UILaunchScreen_Generation = YES;
				INFOPLIST_KEY_UISupportedInterfaceOrientations_iPad = "UIInterfaceOrientationPortrait UIInterfaceOrientationPortraitUpsideDown UIInterfaceOrientationLandscapeLeft UIInterfaceOrientationLandscapeRight";
				INFOPLIST_KEY_UISupportedInterfaceOrientations_iPhone = "UIInterfaceOrientationPortrait UIInterfaceOrientationLandscapeLeft UIInterfaceOrientationLandscapeRight";
				IPHONEOS_DEPLOYMENT_TARGET = 15.2;
				LD_RUNPATH_SEARCH_PATHS = (
					"$(inherited)",
					"@executable_path/Frameworks",
				);
				MARKETING_VERSION = 1.0;
				PRODUCT_BUNDLE_IDENTIFIER = com.logarithm.Sudoku;
				PRODUCT_NAME = Sudoku;
				SDKROOT = iphoneos;
				SWIFT_EMIT_LOC_STRINGS = YES;
				SWIFT_VERSION = 5.0;
				TARGETED_DEVICE_FAMILY = "1,2";
				VALIDATE_PRODUCT = YES;
			};
			name = Release;
		};
		D139787E2796457800CBCCC7 /* Debug */ = {
			isa = XCBuildConfiguration;
			buildSettings = {
				ASSETCATALOG_COMPILER_APPICON_NAME = AppIcon;
				ASSETCATALOG_COMPILER_GLOBAL_ACCENT_COLOR_NAME = AccentColor;
				CODE_SIGN_ENTITLEMENTS = macOS/macOS.entitlements;
				CODE_SIGN_STYLE = Automatic;
				COMBINE_HIDPI_IMAGES = YES;
				CURRENT_PROJECT_VERSION = 1;
				DEVELOPMENT_TEAM = P3LTN76885;
				ENABLE_HARDENED_RUNTIME = YES;
				ENABLE_PREVIEWS = YES;
				GENERATE_INFOPLIST_FILE = YES;
				INFOPLIST_KEY_NSHumanReadableCopyright = "";
				LD_RUNPATH_SEARCH_PATHS = (
					"$(inherited)",
					"@executable_path/../Frameworks",
				);
				MACOSX_DEPLOYMENT_TARGET = 12.1;
				MARKETING_VERSION = 1.0;
				PRODUCT_BUNDLE_IDENTIFIER = com.logarithm.Sudoku;
				PRODUCT_NAME = Sudoku;
				SDKROOT = macosx;
				SWIFT_EMIT_LOC_STRINGS = YES;
				SWIFT_VERSION = 5.0;
			};
			name = Debug;
		};
		D139787F2796457800CBCCC7 /* Release */ = {
			isa = XCBuildConfiguration;
			buildSettings = {
				ASSETCATALOG_COMPILER_APPICON_NAME = AppIcon;
				ASSETCATALOG_COMPILER_GLOBAL_ACCENT_COLOR_NAME = AccentColor;
				CODE_SIGN_ENTITLEMENTS = macOS/macOS.entitlements;
				CODE_SIGN_STYLE = Automatic;
				COMBINE_HIDPI_IMAGES = YES;
				CURRENT_PROJECT_VERSION = 1;
				DEVELOPMENT_TEAM = P3LTN76885;
				ENABLE_HARDENED_RUNTIME = YES;
				ENABLE_PREVIEWS = YES;
				GENERATE_INFOPLIST_FILE = YES;
				INFOPLIST_KEY_NSHumanReadableCopyright = "";
				LD_RUNPATH_SEARCH_PATHS = (
					"$(inherited)",
					"@executable_path/../Frameworks",
				);
				MACOSX_DEPLOYMENT_TARGET = 12.1;
				MARKETING_VERSION = 1.0;
				PRODUCT_BUNDLE_IDENTIFIER = com.logarithm.Sudoku;
				PRODUCT_NAME = Sudoku;
				SDKROOT = macosx;
				SWIFT_EMIT_LOC_STRINGS = YES;
				SWIFT_VERSION = 5.0;
			};
			name = Release;
		};
		D13978812796457800CBCCC7 /* Debug */ = {
			isa = XCBuildConfiguration;
			buildSettings = {
				ALWAYS_EMBED_SWIFT_STANDARD_LIBRARIES = YES;
				CODE_SIGN_STYLE = Automatic;
				CURRENT_PROJECT_VERSION = 1;
				DEVELOPMENT_TEAM = P3LTN76885;
				GENERATE_INFOPLIST_FILE = YES;
				IPHONEOS_DEPLOYMENT_TARGET = 15.2;
				MARKETING_VERSION = 1.0;
				PRODUCT_BUNDLE_IDENTIFIER = "com.logarithm.Tests-iOS";
				PRODUCT_NAME = "$(TARGET_NAME)";
				SDKROOT = iphoneos;
				SWIFT_EMIT_LOC_STRINGS = NO;
				SWIFT_VERSION = 5.0;
				TARGETED_DEVICE_FAMILY = "1,2";
				TEST_TARGET_NAME = "Sudoku (iOS)";
			};
			name = Debug;
		};
		D13978822796457800CBCCC7 /* Release */ = {
			isa = XCBuildConfiguration;
			buildSettings = {
				ALWAYS_EMBED_SWIFT_STANDARD_LIBRARIES = YES;
				CODE_SIGN_STYLE = Automatic;
				CURRENT_PROJECT_VERSION = 1;
				DEVELOPMENT_TEAM = P3LTN76885;
				GENERATE_INFOPLIST_FILE = YES;
				IPHONEOS_DEPLOYMENT_TARGET = 15.2;
				MARKETING_VERSION = 1.0;
				PRODUCT_BUNDLE_IDENTIFIER = "com.logarithm.Tests-iOS";
				PRODUCT_NAME = "$(TARGET_NAME)";
				SDKROOT = iphoneos;
				SWIFT_EMIT_LOC_STRINGS = NO;
				SWIFT_VERSION = 5.0;
				TARGETED_DEVICE_FAMILY = "1,2";
				TEST_TARGET_NAME = "Sudoku (iOS)";
				VALIDATE_PRODUCT = YES;
			};
			name = Release;
		};
		D13978842796457800CBCCC7 /* Debug */ = {
			isa = XCBuildConfiguration;
			buildSettings = {
				ALWAYS_EMBED_SWIFT_STANDARD_LIBRARIES = YES;
				CODE_SIGN_STYLE = Automatic;
				CURRENT_PROJECT_VERSION = 1;
				DEVELOPMENT_TEAM = P3LTN76885;
				GENERATE_INFOPLIST_FILE = YES;
				MACOSX_DEPLOYMENT_TARGET = 12.1;
				MARKETING_VERSION = 1.0;
				PRODUCT_BUNDLE_IDENTIFIER = "com.logarithm.Tests-macOS";
				PRODUCT_NAME = "$(TARGET_NAME)";
				SDKROOT = macosx;
				SWIFT_EMIT_LOC_STRINGS = NO;
				SWIFT_VERSION = 5.0;
				TEST_TARGET_NAME = "Sudoku (macOS)";
			};
			name = Debug;
		};
		D13978852796457800CBCCC7 /* Release */ = {
			isa = XCBuildConfiguration;
			buildSettings = {
				ALWAYS_EMBED_SWIFT_STANDARD_LIBRARIES = YES;
				CODE_SIGN_STYLE = Automatic;
				CURRENT_PROJECT_VERSION = 1;
				DEVELOPMENT_TEAM = P3LTN76885;
				GENERATE_INFOPLIST_FILE = YES;
				MACOSX_DEPLOYMENT_TARGET = 12.1;
				MARKETING_VERSION = 1.0;
				PRODUCT_BUNDLE_IDENTIFIER = "com.logarithm.Tests-macOS";
				PRODUCT_NAME = "$(TARGET_NAME)";
				SDKROOT = macosx;
				SWIFT_EMIT_LOC_STRINGS = NO;
				SWIFT_VERSION = 5.0;
				TEST_TARGET_NAME = "Sudoku (macOS)";
			};
			name = Release;
		};
/* End XCBuildConfiguration section */

/* Begin XCConfigurationList section */
		D13978482796457700CBCCC7 /* Build configuration list for PBXProject "Sudoku" */ = {
			isa = XCConfigurationList;
			buildConfigurations = (
				D13978782796457800CBCCC7 /* Debug */,
				D13978792796457800CBCCC7 /* Release */,
			);
			defaultConfigurationIsVisible = 0;
			defaultConfigurationName = Release;
		};
		D139787A2796457800CBCCC7 /* Build configuration list for PBXNativeTarget "Sudoku (iOS)" */ = {
			isa = XCConfigurationList;
			buildConfigurations = (
				D139787B2796457800CBCCC7 /* Debug */,
				D139787C2796457800CBCCC7 /* Release */,
			);
			defaultConfigurationIsVisible = 0;
			defaultConfigurationName = Release;
		};
		D139787D2796457800CBCCC7 /* Build configuration list for PBXNativeTarget "Sudoku (macOS)" */ = {
			isa = XCConfigurationList;
			buildConfigurations = (
				D139787E2796457800CBCCC7 /* Debug */,
				D139787F2796457800CBCCC7 /* Release */,
			);
			defaultConfigurationIsVisible = 0;
			defaultConfigurationName = Release;
		};
		D13978802796457800CBCCC7 /* Build configuration list for PBXNativeTarget "Tests iOS" */ = {
			isa = XCConfigurationList;
			buildConfigurations = (
				D13978812796457800CBCCC7 /* Debug */,
				D13978822796457800CBCCC7 /* Release */,
			);
			defaultConfigurationIsVisible = 0;
			defaultConfigurationName = Release;
		};
		D13978832796457800CBCCC7 /* Build configuration list for PBXNativeTarget "Tests macOS" */ = {
			isa = XCConfigurationList;
			buildConfigurations = (
				D13978842796457800CBCCC7 /* Debug */,
				D13978852796457800CBCCC7 /* Release */,
			);
			defaultConfigurationIsVisible = 0;
			defaultConfigurationName = Release;
		};
/* End XCConfigurationList section */

/* Begin XCRemoteSwiftPackageReference section */
		D1291F36279A7EAD003371A5 /* XCRemoteSwiftPackageReference "SwiftUIColors" */ = {
			isa = XCRemoteSwiftPackageReference;
			repositoryURL = "https://github.com/Logarithm-1/SwiftUIColors";
			requirement = {
				branch = main;
				kind = branch;
			};
		};
/* End XCRemoteSwiftPackageReference section */

/* Begin XCSwiftPackageProductDependency section */
		D1291F37279A7EAD003371A5 /* SwiftUIColors */ = {
			isa = XCSwiftPackageProductDependency;
			package = D1291F36279A7EAD003371A5 /* XCRemoteSwiftPackageReference "SwiftUIColors" */;
			productName = SwiftUIColors;
		};
/* End XCSwiftPackageProductDependency section */
	};
	rootObject = D13978452796457700CBCCC7 /* Project object */;
}
