// !$*UTF8*$!
{
	archiveVersion = 1;
	classes = {
	};
	objectVersion = 50;
	objects = {

/* Begin PBXBuildFile section */
		D12CB0F425A8688E00ED7EE5 /* ScanBoardView.swift in Sources */ = {isa = PBXBuildFile; fileRef = D12CB0F325A8688E00ED7EE5 /* ScanBoardView.swift */; };
		D12CB0FD25AAED7100ED7EE5 /* ScannerPreviewView.swift in Sources */ = {isa = PBXBuildFile; fileRef = D12CB0FC25AAED7100ED7EE5 /* ScannerPreviewView.swift */; };
		D12CB10225AAEDA000ED7EE5 /* ScannerViewController.swift in Sources */ = {isa = PBXBuildFile; fileRef = D12CB10125AAEDA000ED7EE5 /* ScannerViewController.swift */; };
		D1481F0523923322001249B2 /* AppDelegate.swift in Sources */ = {isa = PBXBuildFile; fileRef = D1481F0423923322001249B2 /* AppDelegate.swift */; };
		D1481F0723923322001249B2 /* SceneDelegate.swift in Sources */ = {isa = PBXBuildFile; fileRef = D1481F0623923322001249B2 /* SceneDelegate.swift */; };
		D1481F0B23923322001249B2 /* Assets.xcassets in Resources */ = {isa = PBXBuildFile; fileRef = D1481F0A23923322001249B2 /* Assets.xcassets */; };
		D1481F0E23923322001249B2 /* Preview Assets.xcassets in Resources */ = {isa = PBXBuildFile; fileRef = D1481F0D23923322001249B2 /* Preview Assets.xcassets */; };
		D1481F1123923322001249B2 /* LaunchScreen.storyboard in Resources */ = {isa = PBXBuildFile; fileRef = D1481F0F23923322001249B2 /* LaunchScreen.storyboard */; };
		D1481F1B23931CB7001249B2 /* Sukoku.swift in Sources */ = {isa = PBXBuildFile; fileRef = D1481F1A23931CB7001249B2 /* Sukoku.swift */; };
		D174B9BC2516309300B1ABDE /* CreatSudokuView.swift in Sources */ = {isa = PBXBuildFile; fileRef = D174B9BB2516309300B1ABDE /* CreatSudokuView.swift */; };
		D17FDCE524FA753B00804EBF /* Extensions.swift in Sources */ = {isa = PBXBuildFile; fileRef = D17FDCE324FA753B00804EBF /* Extensions.swift */; };
		D17FDCEC24FA754300804EBF /* SudokuCellNoteView.swift in Sources */ = {isa = PBXBuildFile; fileRef = D17FDCE824FA754300804EBF /* SudokuCellNoteView.swift */; };
		D17FDCED24FA754300804EBF /* SudokuCellView.swift in Sources */ = {isa = PBXBuildFile; fileRef = D17FDCEB24FA754300804EBF /* SudokuCellView.swift */; };
		D17FDCEE24FA754300804EBF /* SudokuCellsView.swift in Sources */ = {isa = PBXBuildFile; fileRef = D17FDCE724FA754300804EBF /* SudokuCellsView.swift */; };
		D17FDCEF24FA754300804EBF /* SudokuView.swift in Sources */ = {isa = PBXBuildFile; fileRef = D17FDCEA24FA754300804EBF /* SudokuView.swift */; };
		D17FDCF024FA754300804EBF /* SudokuBorderView.swift in Sources */ = {isa = PBXBuildFile; fileRef = D17FDCE924FA754300804EBF /* SudokuBorderView.swift */; };
		D1BC433F251786E9006D668E /* PlaySudokuView.swift in Sources */ = {isa = PBXBuildFile; fileRef = D1BC433E251786E9006D668E /* PlaySudokuView.swift */; };
		D1BC4341251786F5006D668E /* HowToView.swift in Sources */ = {isa = PBXBuildFile; fileRef = D1BC4340251786F5006D668E /* HowToView.swift */; };
		D1C4B8F424FABB4D005B662F /* StartView.swift in Sources */ = {isa = PBXBuildFile; fileRef = D1C4B8F324FABB4D005B662F /* StartView.swift */; };
		D1C4B8F724FCBFF2005B662F /* SolveView.swift in Sources */ = {isa = PBXBuildFile; fileRef = D1C4B8F624FCBFF2005B662F /* SolveView.swift */; };
/* End PBXBuildFile section */

/* Begin PBXFileReference section */
		D12CB0F325A8688E00ED7EE5 /* ScanBoardView.swift */ = {isa = PBXFileReference; lastKnownFileType = sourcecode.swift; path = ScanBoardView.swift; sourceTree = "<group>"; };
		D12CB0FC25AAED7100ED7EE5 /* ScannerPreviewView.swift */ = {isa = PBXFileReference; lastKnownFileType = sourcecode.swift; path = ScannerPreviewView.swift; sourceTree = "<group>"; };
		D12CB10125AAEDA000ED7EE5 /* ScannerViewController.swift */ = {isa = PBXFileReference; lastKnownFileType = sourcecode.swift; path = ScannerViewController.swift; sourceTree = "<group>"; };
		D1481F0123923322001249B2 /* Sudoku.app */ = {isa = PBXFileReference; explicitFileType = wrapper.application; includeInIndex = 0; path = Sudoku.app; sourceTree = BUILT_PRODUCTS_DIR; };
		D1481F0423923322001249B2 /* AppDelegate.swift */ = {isa = PBXFileReference; lastKnownFileType = sourcecode.swift; path = AppDelegate.swift; sourceTree = "<group>"; };
		D1481F0623923322001249B2 /* SceneDelegate.swift */ = {isa = PBXFileReference; lastKnownFileType = sourcecode.swift; path = SceneDelegate.swift; sourceTree = "<group>"; };
		D1481F0A23923322001249B2 /* Assets.xcassets */ = {isa = PBXFileReference; lastKnownFileType = folder.assetcatalog; path = Assets.xcassets; sourceTree = "<group>"; };
		D1481F0D23923322001249B2 /* Preview Assets.xcassets */ = {isa = PBXFileReference; lastKnownFileType = folder.assetcatalog; path = "Preview Assets.xcassets"; sourceTree = "<group>"; };
		D1481F1023923322001249B2 /* Base */ = {isa = PBXFileReference; lastKnownFileType = file.storyboard; name = Base; path = Base.lproj/LaunchScreen.storyboard; sourceTree = "<group>"; };
		D1481F1223923322001249B2 /* Info.plist */ = {isa = PBXFileReference; lastKnownFileType = text.plist.xml; path = Info.plist; sourceTree = "<group>"; };
		D1481F1A23931CB7001249B2 /* Sukoku.swift */ = {isa = PBXFileReference; lastKnownFileType = sourcecode.swift; path = Sukoku.swift; sourceTree = "<group>"; };
		D174B9BB2516309300B1ABDE /* CreatSudokuView.swift */ = {isa = PBXFileReference; lastKnownFileType = sourcecode.swift; path = CreatSudokuView.swift; sourceTree = "<group>"; };
		D17FDCE324FA753B00804EBF /* Extensions.swift */ = {isa = PBXFileReference; fileEncoding = 4; lastKnownFileType = sourcecode.swift; path = Extensions.swift; sourceTree = "<group>"; };
		D17FDCE724FA754300804EBF /* SudokuCellsView.swift */ = {isa = PBXFileReference; lastKnownFileType = sourcecode.swift; path = SudokuCellsView.swift; sourceTree = "<group>"; };
		D17FDCE824FA754300804EBF /* SudokuCellNoteView.swift */ = {isa = PBXFileReference; lastKnownFileType = sourcecode.swift; path = SudokuCellNoteView.swift; sourceTree = "<group>"; };
		D17FDCE924FA754300804EBF /* SudokuBorderView.swift */ = {isa = PBXFileReference; lastKnownFileType = sourcecode.swift; path = SudokuBorderView.swift; sourceTree = "<group>"; };
		D17FDCEA24FA754300804EBF /* SudokuView.swift */ = {isa = PBXFileReference; lastKnownFileType = sourcecode.swift; path = SudokuView.swift; sourceTree = "<group>"; };
		D17FDCEB24FA754300804EBF /* SudokuCellView.swift */ = {isa = PBXFileReference; lastKnownFileType = sourcecode.swift; path = SudokuCellView.swift; sourceTree = "<group>"; };
		D1BC433E251786E9006D668E /* PlaySudokuView.swift */ = {isa = PBXFileReference; lastKnownFileType = sourcecode.swift; path = PlaySudokuView.swift; sourceTree = "<group>"; };
		D1BC4340251786F5006D668E /* HowToView.swift */ = {isa = PBXFileReference; lastKnownFileType = sourcecode.swift; path = HowToView.swift; sourceTree = "<group>"; };
		D1C4B8F324FABB4D005B662F /* StartView.swift */ = {isa = PBXFileReference; lastKnownFileType = sourcecode.swift; path = StartView.swift; sourceTree = "<group>"; };
		D1C4B8F624FCBFF2005B662F /* SolveView.swift */ = {isa = PBXFileReference; lastKnownFileType = sourcecode.swift; path = SolveView.swift; sourceTree = "<group>"; };
/* End PBXFileReference section */

/* Begin PBXFrameworksBuildPhase section */
		D1481EFE23923322001249B2 /* Frameworks */ = {
			isa = PBXFrameworksBuildPhase;
			buildActionMask = 2147483647;
			files = (
			);
			runOnlyForDeploymentPostprocessing = 0;
		};
/* End PBXFrameworksBuildPhase section */

/* Begin PBXGroup section */
		D12CB0FB25AAED0500ED7EE5 /* Scanner */ = {
			isa = PBXGroup;
			children = (
				D12CB0F325A8688E00ED7EE5 /* ScanBoardView.swift */,
				D12CB0FC25AAED7100ED7EE5 /* ScannerPreviewView.swift */,
				D12CB10125AAEDA000ED7EE5 /* ScannerViewController.swift */,
			);
			path = Scanner;
			sourceTree = "<group>";
		};
		D1481EF823923322001249B2 = {
			isa = PBXGroup;
			children = (
				D1481F0323923322001249B2 /* Sudoku */,
				D1481F0223923322001249B2 /* Products */,
			);
			sourceTree = "<group>";
		};
		D1481F0223923322001249B2 /* Products */ = {
			isa = PBXGroup;
			children = (
				D1481F0123923322001249B2 /* Sudoku.app */,
			);
			name = Products;
			sourceTree = "<group>";
		};
		D1481F0323923322001249B2 /* Sudoku */ = {
			isa = PBXGroup;
			children = (
				D1481F0423923322001249B2 /* AppDelegate.swift */,
				D1481F0623923322001249B2 /* SceneDelegate.swift */,
				D1481F1A23931CB7001249B2 /* Sukoku.swift */,
				D1C4B8F524FCBFDD005B662F /* Views */,
				D17FDCE324FA753B00804EBF /* Extensions.swift */,
				D1481F0A23923322001249B2 /* Assets.xcassets */,
				D1481F0F23923322001249B2 /* LaunchScreen.storyboard */,
				D1481F1223923322001249B2 /* Info.plist */,
				D1481F0C23923322001249B2 /* Preview Content */,
			);
			path = Sudoku;
			sourceTree = "<group>";
		};
		D1481F0C23923322001249B2 /* Preview Content */ = {
			isa = PBXGroup;
			children = (
				D1481F0D23923322001249B2 /* Preview Assets.xcassets */,
			);
			path = "Preview Content";
			sourceTree = "<group>";
		};
		D17FDCF124FA754B00804EBF /* Sudoku Views */ = {
			isa = PBXGroup;
			children = (
				D17FDCE924FA754300804EBF /* SudokuBorderView.swift */,
				D17FDCE824FA754300804EBF /* SudokuCellNoteView.swift */,
				D17FDCE724FA754300804EBF /* SudokuCellsView.swift */,
				D17FDCEB24FA754300804EBF /* SudokuCellView.swift */,
				D17FDCEA24FA754300804EBF /* SudokuView.swift */,
			);
			path = "Sudoku Views";
			sourceTree = "<group>";
		};
		D1C4B8F524FCBFDD005B662F /* Views */ = {
			isa = PBXGroup;
			children = (
				D12CB0FB25AAED0500ED7EE5 /* Scanner */,
				D1C4B8F324FABB4D005B662F /* StartView.swift */,
				D174B9BB2516309300B1ABDE /* CreatSudokuView.swift */,
				D1C4B8F624FCBFF2005B662F /* SolveView.swift */,
				D1BC433E251786E9006D668E /* PlaySudokuView.swift */,
				D1BC4340251786F5006D668E /* HowToView.swift */,
				D17FDCF124FA754B00804EBF /* Sudoku Views */,
			);
			path = Views;
			sourceTree = "<group>";
		};
/* End PBXGroup section */

/* Begin PBXNativeTarget section */
		D1481F0023923322001249B2 /* Sudoku */ = {
			isa = PBXNativeTarget;
			buildConfigurationList = D1481F1523923322001249B2 /* Build configuration list for PBXNativeTarget "Sudoku" */;
			buildPhases = (
				D1481EFD23923322001249B2 /* Sources */,
				D1481EFE23923322001249B2 /* Frameworks */,
				D1481EFF23923322001249B2 /* Resources */,
			);
			buildRules = (
			);
			dependencies = (
			);
			name = Sudoku;
			productName = Sudoku;
			productReference = D1481F0123923322001249B2 /* Sudoku.app */;
			productType = "com.apple.product-type.application";
		};
/* End PBXNativeTarget section */

/* Begin PBXProject section */
		D1481EF923923322001249B2 /* Project object */ = {
			isa = PBXProject;
			attributes = {
				LastSwiftUpdateCheck = 1100;
				LastUpgradeCheck = 1200;
				ORGANIZATIONNAME = "ZER0 Tech";
				TargetAttributes = {
					D1481F0023923322001249B2 = {
						CreatedOnToolsVersion = 11.0;
					};
				};
			};
			buildConfigurationList = D1481EFC23923322001249B2 /* Build configuration list for PBXProject "Sudoku" */;
			compatibilityVersion = "Xcode 9.3";
			developmentRegion = en;
			hasScannedForEncodings = 0;
			knownRegions = (
				en,
				Base,
			);
			mainGroup = D1481EF823923322001249B2;
			productRefGroup = D1481F0223923322001249B2 /* Products */;
			projectDirPath = "";
			projectRoot = "";
			targets = (
				D1481F0023923322001249B2 /* Sudoku */,
			);
		};
/* End PBXProject section */

/* Begin PBXResourcesBuildPhase section */
		D1481EFF23923322001249B2 /* Resources */ = {
			isa = PBXResourcesBuildPhase;
			buildActionMask = 2147483647;
			files = (
				D1481F1123923322001249B2 /* LaunchScreen.storyboard in Resources */,
				D1481F0E23923322001249B2 /* Preview Assets.xcassets in Resources */,
				D1481F0B23923322001249B2 /* Assets.xcassets in Resources */,
			);
			runOnlyForDeploymentPostprocessing = 0;
		};
/* End PBXResourcesBuildPhase section */

/* Begin PBXSourcesBuildPhase section */
		D1481EFD23923322001249B2 /* Sources */ = {
			isa = PBXSourcesBuildPhase;
			buildActionMask = 2147483647;
			files = (
				D17FDCEF24FA754300804EBF /* SudokuView.swift in Sources */,
				D1C4B8F424FABB4D005B662F /* StartView.swift in Sources */,
				D17FDCE524FA753B00804EBF /* Extensions.swift in Sources */,
				D17FDCEE24FA754300804EBF /* SudokuCellsView.swift in Sources */,
				D1481F0523923322001249B2 /* AppDelegate.swift in Sources */,
				D12CB0F425A8688E00ED7EE5 /* ScanBoardView.swift in Sources */,
				D12CB10225AAEDA000ED7EE5 /* ScannerViewController.swift in Sources */,
				D174B9BC2516309300B1ABDE /* CreatSudokuView.swift in Sources */,
				D1481F0723923322001249B2 /* SceneDelegate.swift in Sources */,
				D12CB0FD25AAED7100ED7EE5 /* ScannerPreviewView.swift in Sources */,
				D1C4B8F724FCBFF2005B662F /* SolveView.swift in Sources */,
				D1BC4341251786F5006D668E /* HowToView.swift in Sources */,
				D1BC433F251786E9006D668E /* PlaySudokuView.swift in Sources */,
				D17FDCED24FA754300804EBF /* SudokuCellView.swift in Sources */,
				D1481F1B23931CB7001249B2 /* Sukoku.swift in Sources */,
				D17FDCEC24FA754300804EBF /* SudokuCellNoteView.swift in Sources */,
				D17FDCF024FA754300804EBF /* SudokuBorderView.swift in Sources */,
			);
			runOnlyForDeploymentPostprocessing = 0;
		};
/* End PBXSourcesBuildPhase section */

/* Begin PBXVariantGroup section */
		D1481F0F23923322001249B2 /* LaunchScreen.storyboard */ = {
			isa = PBXVariantGroup;
			children = (
				D1481F1023923322001249B2 /* Base */,
			);
			name = LaunchScreen.storyboard;
			sourceTree = "<group>";
		};
/* End PBXVariantGroup section */

/* Begin XCBuildConfiguration section */
		D1481F1323923322001249B2 /* Debug */ = {
			isa = XCBuildConfiguration;
			buildSettings = {
				ALWAYS_SEARCH_USER_PATHS = NO;
				CLANG_ANALYZER_NONNULL = YES;
				CLANG_ANALYZER_NUMBER_OBJECT_CONVERSION = YES_AGGRESSIVE;
				CLANG_CXX_LANGUAGE_STANDARD = "gnu++14";
				CLANG_CXX_LIBRARY = "libc++";
				CLANG_ENABLE_MODULES = YES;
				CLANG_ENABLE_OBJC_ARC = YES;
				CLANG_ENABLE_OBJC_WEAK = YES;
				CLANG_WARN_BLOCK_CAPTURE_AUTORELEASING = YES;
				CLANG_WARN_BOOL_CONVERSION = YES;
				CLANG_WARN_COMMA = YES;
				CLANG_WARN_CONSTANT_CONVERSION = YES;
				CLANG_WARN_DEPRECATED_OBJC_IMPLEMENTATIONS = YES;
				CLANG_WARN_DIRECT_OBJC_ISA_USAGE = YES_ERROR;
				CLANG_WARN_DOCUMENTATION_COMMENTS = YES;
				CLANG_WARN_EMPTY_BODY = YES;
				CLANG_WARN_ENUM_CONVERSION = YES;
				CLANG_WARN_INFINITE_RECURSION = YES;
				CLANG_WARN_INT_CONVERSION = YES;
				CLANG_WARN_NON_LITERAL_NULL_CONVERSION = YES;
				CLANG_WARN_OBJC_IMPLICIT_RETAIN_SELF = YES;
				CLANG_WARN_OBJC_LITERAL_CONVERSION = YES;
				CLANG_WARN_OBJC_ROOT_CLASS = YES_ERROR;
				CLANG_WARN_QUOTED_INCLUDE_IN_FRAMEWORK_HEADER = YES;
				CLANG_WARN_RANGE_LOOP_ANALYSIS = YES;
				CLANG_WARN_STRICT_PROTOTYPES = YES;
				CLANG_WARN_SUSPICIOUS_MOVE = YES;
				CLANG_WARN_UNGUARDED_AVAILABILITY = YES_AGGRESSIVE;
				CLANG_WARN_UNREACHABLE_CODE = YES;
				CLANG_WARN__DUPLICATE_METHOD_MATCH = YES;
				COPY_PHASE_STRIP = NO;
				DEBUG_INFORMATION_FORMAT = dwarf;
				ENABLE_STRICT_OBJC_MSGSEND = YES;
				ENABLE_TESTABILITY = YES;
				GCC_C_LANGUAGE_STANDARD = gnu11;
				GCC_DYNAMIC_NO_PIC = NO;
				GCC_NO_COMMON_BLOCKS = YES;
				GCC_OPTIMIZATION_LEVEL = 0;
				GCC_PREPROCESSOR_DEFINITIONS = (
					"DEBUG=1",
					"$(inherited)",
				);
				GCC_WARN_64_TO_32_BIT_CONVERSION = YES;
				GCC_WARN_ABOUT_RETURN_TYPE = YES_ERROR;
				GCC_WARN_UNDECLARED_SELECTOR = YES;
				GCC_WARN_UNINITIALIZED_AUTOS = YES_AGGRESSIVE;
				GCC_WARN_UNUSED_FUNCTION = YES;
				GCC_WARN_UNUSED_VARIABLE = YES;
				IPHONEOS_DEPLOYMENT_TARGET = 13.0;
				MTL_ENABLE_DEBUG_INFO = INCLUDE_SOURCE;
				MTL_FAST_MATH = YES;
				ONLY_ACTIVE_ARCH = YES;
				SDKROOT = iphoneos;
				SWIFT_ACTIVE_COMPILATION_CONDITIONS = DEBUG;
				SWIFT_OPTIMIZATION_LEVEL = "-Onone";
			};
			name = Debug;
		};
		D1481F1423923322001249B2 /* Release */ = {
			isa = XCBuildConfiguration;
			buildSettings = {
				ALWAYS_SEARCH_USER_PATHS = NO;
				CLANG_ANALYZER_NONNULL = YES;
				CLANG_ANALYZER_NUMBER_OBJECT_CONVERSION = YES_AGGRESSIVE;
				CLANG_CXX_LANGUAGE_STANDARD = "gnu++14";
				CLANG_CXX_LIBRARY = "libc++";
				CLANG_ENABLE_MODULES = YES;
				CLANG_ENABLE_OBJC_ARC = YES;
				CLANG_ENABLE_OBJC_WEAK = YES;
				CLANG_WARN_BLOCK_CAPTURE_AUTORELEASING = YES;
				CLANG_WARN_BOOL_CONVERSION = YES;
				CLANG_WARN_COMMA = YES;
				CLANG_WARN_CONSTANT_CONVERSION = YES;
				CLANG_WARN_DEPRECATED_OBJC_IMPLEMENTATIONS = YES;
				CLANG_WARN_DIRECT_OBJC_ISA_USAGE = YES_ERROR;
				CLANG_WARN_DOCUMENTATION_COMMENTS = YES;
				CLANG_WARN_EMPTY_BODY = YES;
				CLANG_WARN_ENUM_CONVERSION = YES;
				CLANG_WARN_INFINITE_RECURSION = YES;
				CLANG_WARN_INT_CONVERSION = YES;
				CLANG_WARN_NON_LITERAL_NULL_CONVERSION = YES;
				CLANG_WARN_OBJC_IMPLICIT_RETAIN_SELF = YES;
				CLANG_WARN_OBJC_LITERAL_CONVERSION = YES;
				CLANG_WARN_OBJC_ROOT_CLASS = YES_ERROR;
				CLANG_WARN_QUOTED_INCLUDE_IN_FRAMEWORK_HEADER = YES;
				CLANG_WARN_RANGE_LOOP_ANALYSIS = YES;
				CLANG_WARN_STRICT_PROTOTYPES = YES;
				CLANG_WARN_SUSPICIOUS_MOVE = YES;
				CLANG_WARN_UNGUARDED_AVAILABILITY = YES_AGGRESSIVE;
				CLANG_WARN_UNREACHABLE_CODE = YES;
				CLANG_WARN__DUPLICATE_METHOD_MATCH = YES;
				COPY_PHASE_STRIP = NO;
				DEBUG_INFORMATION_FORMAT = "dwarf-with-dsym";
				ENABLE_NS_ASSERTIONS = NO;
				ENABLE_STRICT_OBJC_MSGSEND = YES;
				GCC_C_LANGUAGE_STANDARD = gnu11;
				GCC_NO_COMMON_BLOCKS = YES;
				GCC_WARN_64_TO_32_BIT_CONVERSION = YES;
				GCC_WARN_ABOUT_RETURN_TYPE = YES_ERROR;
				GCC_WARN_UNDECLARED_SELECTOR = YES;
				GCC_WARN_UNINITIALIZED_AUTOS = YES_AGGRESSIVE;
				GCC_WARN_UNUSED_FUNCTION = YES;
				GCC_WARN_UNUSED_VARIABLE = YES;
				IPHONEOS_DEPLOYMENT_TARGET = 13.0;
				MTL_ENABLE_DEBUG_INFO = NO;
				MTL_FAST_MATH = YES;
				SDKROOT = iphoneos;
				SWIFT_COMPILATION_MODE = wholemodule;
				SWIFT_OPTIMIZATION_LEVEL = "-O";
				VALIDATE_PRODUCT = YES;
			};
			name = Release;
		};
		D1481F1623923322001249B2 /* Debug */ = {
			isa = XCBuildConfiguration;
			buildSettings = {
				ASSETCATALOG_COMPILER_APPICON_NAME = AppIcon;
				CODE_SIGN_STYLE = Automatic;
				DEVELOPMENT_ASSET_PATHS = "\"Sudoku/Preview Content\"";
				DEVELOPMENT_TEAM = P3LTN76885;
				ENABLE_PREVIEWS = YES;
				INFOPLIST_FILE = Sudoku/Info.plist;
				LD_RUNPATH_SEARCH_PATHS = (
					"$(inherited)",
					"@executable_path/Frameworks",
				);
				PRODUCT_BUNDLE_IDENTIFIER = "ZER0-Tech.Sudoku";
				PRODUCT_NAME = "$(TARGET_NAME)";
				SWIFT_VERSION = 5.0;
				TARGETED_DEVICE_FAMILY = "1,2";
			};
			name = Debug;
		};
		D1481F1723923322001249B2 /* Release */ = {
			isa = XCBuildConfiguration;
			buildSettings = {
				ASSETCATALOG_COMPILER_APPICON_NAME = AppIcon;
				CODE_SIGN_STYLE = Automatic;
				DEVELOPMENT_ASSET_PATHS = "\"Sudoku/Preview Content\"";
				DEVELOPMENT_TEAM = P3LTN76885;
				ENABLE_PREVIEWS = YES;
				INFOPLIST_FILE = Sudoku/Info.plist;
				LD_RUNPATH_SEARCH_PATHS = (
					"$(inherited)",
					"@executable_path/Frameworks",
				);
				PRODUCT_BUNDLE_IDENTIFIER = "ZER0-Tech.Sudoku";
				PRODUCT_NAME = "$(TARGET_NAME)";
				SWIFT_VERSION = 5.0;
				TARGETED_DEVICE_FAMILY = "1,2";
			};
			name = Release;
		};
/* End XCBuildConfiguration section */

/* Begin XCConfigurationList section */
		D1481EFC23923322001249B2 /* Build configuration list for PBXProject "Sudoku" */ = {
			isa = XCConfigurationList;
			buildConfigurations = (
				D1481F1323923322001249B2 /* Debug */,
				D1481F1423923322001249B2 /* Release */,
			);
			defaultConfigurationIsVisible = 0;
			defaultConfigurationName = Release;
		};
		D1481F1523923322001249B2 /* Build configuration list for PBXNativeTarget "Sudoku" */ = {
			isa = XCConfigurationList;
			buildConfigurations = (
				D1481F1623923322001249B2 /* Debug */,
				D1481F1723923322001249B2 /* Release */,
			);
			defaultConfigurationIsVisible = 0;
			defaultConfigurationName = Release;
		};
/* End XCConfigurationList section */
	};
	rootObject = D1481EF923923322001249B2 /* Project object */;
}
